// !$*UTF8*$!
{
	archiveVersion = 1;
	classes = {
	};
	objectVersion = 50;
	objects = {

/* Begin PBXBuildFile section */
		81AECD7C238620C700C45A02 /* AppDelegate.swift in Sources */ = {isa = PBXBuildFile; fileRef = 81AECD7B238620C700C45A02 /* AppDelegate.swift */; };
		81AECD7E238620C700C45A02 /* SceneDelegate.swift in Sources */ = {isa = PBXBuildFile; fileRef = 81AECD7D238620C700C45A02 /* SceneDelegate.swift */; };
		81AECD85238620C900C45A02 /* Assets.xcassets in Resources */ = {isa = PBXBuildFile; fileRef = 81AECD84238620C900C45A02 /* Assets.xcassets */; };
		81AECD88238620C900C45A02 /* LaunchScreen.storyboard in Resources */ = {isa = PBXBuildFile; fileRef = 81AECD86238620C900C45A02 /* LaunchScreen.storyboard */; };
		81AECD94238629BB00C45A02 /* String+Extensions.swift in Sources */ = {isa = PBXBuildFile; fileRef = 81AECD93238629BB00C45A02 /* String+Extensions.swift */; };
		81AECD9723862A0700C45A02 /* FirebaseAuthService.swift in Sources */ = {isa = PBXBuildFile; fileRef = 81AECD9623862A0700C45A02 /* FirebaseAuthService.swift */; };
		81AECD9923862AAA00C45A02 /* LoginViewController.swift in Sources */ = {isa = PBXBuildFile; fileRef = 81AECD9823862AAA00C45A02 /* LoginViewController.swift */; };
		81AECD9B23862B0000C45A02 /* SignUpViewController.swift in Sources */ = {isa = PBXBuildFile; fileRef = 81AECD9A23862B0000C45A02 /* SignUpViewController.swift */; };
		81AECD9D23862D5400C45A02 /* MainMapViewController.swift in Sources */ = {isa = PBXBuildFile; fileRef = 81AECD9C23862D5400C45A02 /* MainMapViewController.swift */; };
/* End PBXBuildFile section */

/* Begin PBXFileReference section */
		81AECD78238620C700C45A02 /* FavoritePlaces.app */ = {isa = PBXFileReference; explicitFileType = wrapper.application; includeInIndex = 0; path = FavoritePlaces.app; sourceTree = BUILT_PRODUCTS_DIR; };
		81AECD7B238620C700C45A02 /* AppDelegate.swift */ = {isa = PBXFileReference; lastKnownFileType = sourcecode.swift; path = AppDelegate.swift; sourceTree = "<group>"; };
		81AECD7D238620C700C45A02 /* SceneDelegate.swift */ = {isa = PBXFileReference; lastKnownFileType = sourcecode.swift; path = SceneDelegate.swift; sourceTree = "<group>"; };
		81AECD84238620C900C45A02 /* Assets.xcassets */ = {isa = PBXFileReference; lastKnownFileType = folder.assetcatalog; path = Assets.xcassets; sourceTree = "<group>"; };
		81AECD87238620C900C45A02 /* Base */ = {isa = PBXFileReference; lastKnownFileType = file.storyboard; name = Base; path = Base.lproj/LaunchScreen.storyboard; sourceTree = "<group>"; };
		81AECD89238620C900C45A02 /* Info.plist */ = {isa = PBXFileReference; lastKnownFileType = text.plist.xml; path = Info.plist; sourceTree = "<group>"; };
		81AECD93238629BB00C45A02 /* String+Extensions.swift */ = {isa = PBXFileReference; lastKnownFileType = sourcecode.swift; path = "String+Extensions.swift"; sourceTree = "<group>"; };
		81AECD9623862A0700C45A02 /* FirebaseAuthService.swift */ = {isa = PBXFileReference; lastKnownFileType = sourcecode.swift; path = FirebaseAuthService.swift; sourceTree = "<group>"; };
		81AECD9823862AAA00C45A02 /* LoginViewController.swift */ = {isa = PBXFileReference; lastKnownFileType = sourcecode.swift; path = LoginViewController.swift; sourceTree = "<group>"; };
		81AECD9A23862B0000C45A02 /* SignUpViewController.swift */ = {isa = PBXFileReference; lastKnownFileType = sourcecode.swift; path = SignUpViewController.swift; sourceTree = "<group>"; };
		81AECD9C23862D5400C45A02 /* MainMapViewController.swift */ = {isa = PBXFileReference; lastKnownFileType = sourcecode.swift; path = MainMapViewController.swift; sourceTree = "<group>"; };
/* End PBXFileReference section */

/* Begin PBXFrameworksBuildPhase section */
		81AECD75238620C700C45A02 /* Frameworks */ = {
			isa = PBXFrameworksBuildPhase;
			buildActionMask = 2147483647;
			files = (
			);
			runOnlyForDeploymentPostprocessing = 0;
		};
/* End PBXFrameworksBuildPhase section */

/* Begin PBXGroup section */
		81AECD6F238620C700C45A02 = {
			isa = PBXGroup;
			children = (
				81AECD7A238620C700C45A02 /* FavoritePlaces */,
				81AECD79238620C700C45A02 /* Products */,
			);
			sourceTree = "<group>";
		};
		81AECD79238620C700C45A02 /* Products */ = {
			isa = PBXGroup;
			children = (
				81AECD78238620C700C45A02 /* FavoritePlaces.app */,
			);
			name = Products;
			sourceTree = "<group>";
		};
		81AECD7A238620C700C45A02 /* FavoritePlaces */ = {
			isa = PBXGroup;
			children = (
				81AECD95238629D300C45A02 /* Firebase */,
				81AECD92238629A000C45A02 /* Utilities */,
				81AECD8F2386294C00C45A02 /* Login */,
				81AECD7B238620C700C45A02 /* AppDelegate.swift */,
				81AECD7D238620C700C45A02 /* SceneDelegate.swift */,
				81AECD84238620C900C45A02 /* Assets.xcassets */,
				81AECD86238620C900C45A02 /* LaunchScreen.storyboard */,
				81AECD89238620C900C45A02 /* Info.plist */,
				81AECD9C23862D5400C45A02 /* MainMapViewController.swift */,
			);
			path = FavoritePlaces;
			sourceTree = "<group>";
		};
		81AECD8F2386294C00C45A02 /* Login */ = {
			isa = PBXGroup;
			children = (
				81AECD9823862AAA00C45A02 /* LoginViewController.swift */,
				81AECD9A23862B0000C45A02 /* SignUpViewController.swift */,
			);
			path = Login;
			sourceTree = "<group>";
		};
		81AECD92238629A000C45A02 /* Utilities */ = {
			isa = PBXGroup;
			children = (
				81AECD93238629BB00C45A02 /* String+Extensions.swift */,
			);
			path = Utilities;
			sourceTree = "<group>";
		};
		81AECD95238629D300C45A02 /* Firebase */ = {
			isa = PBXGroup;
			children = (
				81AECD9623862A0700C45A02 /* FirebaseAuthService.swift */,
			);
			path = Firebase;
			sourceTree = "<group>";
		};
/* End PBXGroup section */

/* Begin PBXNativeTarget section */
		81AECD77238620C700C45A02 /* FavoritePlaces */ = {
			isa = PBXNativeTarget;
			buildConfigurationList = 81AECD8C238620C900C45A02 /* Build configuration list for PBXNativeTarget "FavoritePlaces" */;
			buildPhases = (
				81AECD74238620C700C45A02 /* Sources */,
				81AECD75238620C700C45A02 /* Frameworks */,
				81AECD76238620C700C45A02 /* Resources */,
			);
			buildRules = (
			);
			dependencies = (
			);
			name = FavoritePlaces;
			productName = FavoritePlaces;
			productReference = 81AECD78238620C700C45A02 /* FavoritePlaces.app */;
			productType = "com.apple.product-type.application";
		};
/* End PBXNativeTarget section */

/* Begin PBXProject section */
		81AECD70238620C700C45A02 /* Project object */ = {
			isa = PBXProject;
			attributes = {
				LastSwiftUpdateCheck = 1100;
				LastUpgradeCheck = 1100;
				ORGANIZATIONNAME = "Iram Fattah";
				TargetAttributes = {
					81AECD77238620C700C45A02 = {
						CreatedOnToolsVersion = 11.0;
					};
				};
			};
			buildConfigurationList = 81AECD73238620C700C45A02 /* Build configuration list for PBXProject "FavoritePlaces" */;
			compatibilityVersion = "Xcode 9.3";
			developmentRegion = en;
			hasScannedForEncodings = 0;
			knownRegions = (
				en,
				Base,
			);
			mainGroup = 81AECD6F238620C700C45A02;
			productRefGroup = 81AECD79238620C700C45A02 /* Products */;
			projectDirPath = "";
			projectRoot = "";
			targets = (
				81AECD77238620C700C45A02 /* FavoritePlaces */,
			);
		};
/* End PBXProject section */

/* Begin PBXResourcesBuildPhase section */
		81AECD76238620C700C45A02 /* Resources */ = {
			isa = PBXResourcesBuildPhase;
			buildActionMask = 2147483647;
			files = (
				81AECD88238620C900C45A02 /* LaunchScreen.storyboard in Resources */,
				81AECD85238620C900C45A02 /* Assets.xcassets in Resources */,
			);
			runOnlyForDeploymentPostprocessing = 0;
		};
/* End PBXResourcesBuildPhase section */

/* Begin PBXSourcesBuildPhase section */
		81AECD74238620C700C45A02 /* Sources */ = {
			isa = PBXSourcesBuildPhase;
			buildActionMask = 2147483647;
			files = (
				81AECD9D23862D5400C45A02 /* MainMapViewController.swift in Sources */,
				81AECD9B23862B0000C45A02 /* SignUpViewController.swift in Sources */,
				81AECD9723862A0700C45A02 /* FirebaseAuthService.swift in Sources */,
				81AECD7C238620C700C45A02 /* AppDelegate.swift in Sources */,
				81AECD94238629BB00C45A02 /* String+Extensions.swift in Sources */,
				81AECD9923862AAA00C45A02 /* LoginViewController.swift in Sources */,
				81AECD7E238620C700C45A02 /* SceneDelegate.swift in Sources */,
			);
			runOnlyForDeploymentPostprocessing = 0;
		};
/* End PBXSourcesBuildPhase section */

/* Begin PBXVariantGroup section */
		81AECD86238620C900C45A02 /* LaunchScreen.storyboard */ = {
			isa = PBXVariantGroup;
			children = (
				81AECD87238620C900C45A02 /* Base */,
			);
			name = LaunchScreen.storyboard;
			sourceTree = "<group>";
		};
/* End PBXVariantGroup section */

/* Begin XCBuildConfiguration section */
		81AECD8A238620C900C45A02 /* Debug */ = {
			isa = XCBuildConfiguration;
			buildSettings = {
				ALWAYS_SEARCH_USER_PATHS = NO;
				CLANG_ANALYZER_NONNULL = YES;
				CLANG_ANALYZER_NUMBER_OBJECT_CONVERSION = YES_AGGRESSIVE;
				CLANG_CXX_LANGUAGE_STANDARD = "gnu++14";
				CLANG_CXX_LIBRARY = "libc++";
				CLANG_ENABLE_MODULES = YES;
				CLANG_ENABLE_OBJC_ARC = YES;
				CLANG_ENABLE_OBJC_WEAK = YES;
				CLANG_WARN_BLOCK_CAPTURE_AUTORELEASING = YES;
				CLANG_WARN_BOOL_CONVERSION = YES;
				CLANG_WARN_COMMA = YES;
				CLANG_WARN_CONSTANT_CONVERSION = YES;
				CLANG_WARN_DEPRECATED_OBJC_IMPLEMENTATIONS = YES;
				CLANG_WARN_DIRECT_OBJC_ISA_USAGE = YES_ERROR;
				CLANG_WARN_DOCUMENTATION_COMMENTS = YES;
				CLANG_WARN_EMPTY_BODY = YES;
				CLANG_WARN_ENUM_CONVERSION = YES;
				CLANG_WARN_INFINITE_RECURSION = YES;
				CLANG_WARN_INT_CONVERSION = YES;
				CLANG_WARN_NON_LITERAL_NULL_CONVERSION = YES;
				CLANG_WARN_OBJC_IMPLICIT_RETAIN_SELF = YES;
				CLANG_WARN_OBJC_LITERAL_CONVERSION = YES;
				CLANG_WARN_OBJC_ROOT_CLASS = YES_ERROR;
				CLANG_WARN_RANGE_LOOP_ANALYSIS = YES;
				CLANG_WARN_STRICT_PROTOTYPES = YES;
				CLANG_WARN_SUSPICIOUS_MOVE = YES;
				CLANG_WARN_UNGUARDED_AVAILABILITY = YES_AGGRESSIVE;
				CLANG_WARN_UNREACHABLE_CODE = YES;
				CLANG_WARN__DUPLICATE_METHOD_MATCH = YES;
				COPY_PHASE_STRIP = NO;
				DEBUG_INFORMATION_FORMAT = dwarf;
				ENABLE_STRICT_OBJC_MSGSEND = YES;
				ENABLE_TESTABILITY = YES;
				GCC_C_LANGUAGE_STANDARD = gnu11;
				GCC_DYNAMIC_NO_PIC = NO;
				GCC_NO_COMMON_BLOCKS = YES;
				GCC_OPTIMIZATION_LEVEL = 0;
				GCC_PREPROCESSOR_DEFINITIONS = (
					"DEBUG=1",
					"$(inherited)",
				);
				GCC_WARN_64_TO_32_BIT_CONVERSION = YES;
				GCC_WARN_ABOUT_RETURN_TYPE = YES_ERROR;
				GCC_WARN_UNDECLARED_SELECTOR = YES;
				GCC_WARN_UNINITIALIZED_AUTOS = YES_AGGRESSIVE;
				GCC_WARN_UNUSED_FUNCTION = YES;
				GCC_WARN_UNUSED_VARIABLE = YES;
				IPHONEOS_DEPLOYMENT_TARGET = 13.0;
				MTL_ENABLE_DEBUG_INFO = INCLUDE_SOURCE;
				MTL_FAST_MATH = YES;
				ONLY_ACTIVE_ARCH = YES;
				SDKROOT = iphoneos;
				SWIFT_ACTIVE_COMPILATION_CONDITIONS = DEBUG;
				SWIFT_OPTIMIZATION_LEVEL = "-Onone";
			};
			name = Debug;
		};
		81AECD8B238620C900C45A02 /* Release */ = {
			isa = XCBuildConfiguration;
			buildSettings = {
				ALWAYS_SEARCH_USER_PATHS = NO;
				CLANG_ANALYZER_NONNULL = YES;
				CLANG_ANALYZER_NUMBER_OBJECT_CONVERSION = YES_AGGRESSIVE;
				CLANG_CXX_LANGUAGE_STANDARD = "gnu++14";
				CLANG_CXX_LIBRARY = "libc++";
				CLANG_ENABLE_MODULES = YES;
				CLANG_ENABLE_OBJC_ARC = YES;
				CLANG_ENABLE_OBJC_WEAK = YES;
				CLANG_WARN_BLOCK_CAPTURE_AUTORELEASING = YES;
				CLANG_WARN_BOOL_CONVERSION = YES;
				CLANG_WARN_COMMA = YES;
				CLANG_WARN_CONSTANT_CONVERSION = YES;
				CLANG_WARN_DEPRECATED_OBJC_IMPLEMENTATIONS = YES;
				CLANG_WARN_DIRECT_OBJC_ISA_USAGE = YES_ERROR;
				CLANG_WARN_DOCUMENTATION_COMMENTS = YES;
				CLANG_WARN_EMPTY_BODY = YES;
				CLANG_WARN_ENUM_CONVERSION = YES;
				CLANG_WARN_INFINITE_RECURSION = YES;
				CLANG_WARN_INT_CONVERSION = YES;
				CLANG_WARN_NON_LITERAL_NULL_CONVERSION = YES;
				CLANG_WARN_OBJC_IMPLICIT_RETAIN_SELF = YES;
				CLANG_WARN_OBJC_LITERAL_CONVERSION = YES;
				CLANG_WARN_OBJC_ROOT_CLASS = YES_ERROR;
				CLANG_WARN_RANGE_LOOP_ANALYSIS = YES;
				CLANG_WARN_STRICT_PROTOTYPES = YES;
				CLANG_WARN_SUSPICIOUS_MOVE = YES;
				CLANG_WARN_UNGUARDED_AVAILABILITY = YES_AGGRESSIVE;
				CLANG_WARN_UNREACHABLE_CODE = YES;
				CLANG_WARN__DUPLICATE_METHOD_MATCH = YES;
				COPY_PHASE_STRIP = NO;
				DEBUG_INFORMATION_FORMAT = "dwarf-with-dsym";
				ENABLE_NS_ASSERTIONS = NO;
				ENABLE_STRICT_OBJC_MSGSEND = YES;
				GCC_C_LANGUAGE_STANDARD = gnu11;
				GCC_NO_COMMON_BLOCKS = YES;
				GCC_WARN_64_TO_32_BIT_CONVERSION = YES;
				GCC_WARN_ABOUT_RETURN_TYPE = YES_ERROR;
				GCC_WARN_UNDECLARED_SELECTOR = YES;
				GCC_WARN_UNINITIALIZED_AUTOS = YES_AGGRESSIVE;
				GCC_WARN_UNUSED_FUNCTION = YES;
				GCC_WARN_UNUSED_VARIABLE = YES;
				IPHONEOS_DEPLOYMENT_TARGET = 13.0;
				MTL_ENABLE_DEBUG_INFO = NO;
				MTL_FAST_MATH = YES;
				SDKROOT = iphoneos;
				SWIFT_COMPILATION_MODE = wholemodule;
				SWIFT_OPTIMIZATION_LEVEL = "-O";
				VALIDATE_PRODUCT = YES;
			};
			name = Release;
		};
		81AECD8D238620C900C45A02 /* Debug */ = {
			isa = XCBuildConfiguration;
			buildSettings = {
				ASSETCATALOG_COMPILER_APPICON_NAME = AppIcon;
				CODE_SIGN_STYLE = Automatic;
				DEVELOPMENT_TEAM = V9HW99M5PX;
				INFOPLIST_FILE = FavoritePlaces/Info.plist;
				LD_RUNPATH_SEARCH_PATHS = (
					"$(inherited)",
					"@executable_path/Frameworks",
				);
				PRODUCT_BUNDLE_IDENTIFIER = Iram.FavoritePlaces;
				PRODUCT_NAME = "$(TARGET_NAME)";
				SWIFT_VERSION = 5.0;
				TARGETED_DEVICE_FAMILY = "1,2";
			};
			name = Debug;
		};
		81AECD8E238620C900C45A02 /* Release */ = {
			isa = XCBuildConfiguration;
			buildSettings = {
				ASSETCATALOG_COMPILER_APPICON_NAME = AppIcon;
				CODE_SIGN_STYLE = Automatic;
				DEVELOPMENT_TEAM = V9HW99M5PX;
				INFOPLIST_FILE = FavoritePlaces/Info.plist;
				LD_RUNPATH_SEARCH_PATHS = (
					"$(inherited)",
					"@executable_path/Frameworks",
				);
				PRODUCT_BUNDLE_IDENTIFIER = Iram.FavoritePlaces;
				PRODUCT_NAME = "$(TARGET_NAME)";
				SWIFT_VERSION = 5.0;
				TARGETED_DEVICE_FAMILY = "1,2";
			};
			name = Release;
		};
/* End XCBuildConfiguration section */

/* Begin XCConfigurationList section */
		81AECD73238620C700C45A02 /* Build configuration list for PBXProject "FavoritePlaces" */ = {
			isa = XCConfigurationList;
			buildConfigurations = (
				81AECD8A238620C900C45A02 /* Debug */,
				81AECD8B238620C900C45A02 /* Release */,
			);
			defaultConfigurationIsVisible = 0;
			defaultConfigurationName = Release;
		};
		81AECD8C238620C900C45A02 /* Build configuration list for PBXNativeTarget "FavoritePlaces" */ = {
			isa = XCConfigurationList;
			buildConfigurations = (
				81AECD8D238620C900C45A02 /* Debug */,
				81AECD8E238620C900C45A02 /* Release */,
			);
			defaultConfigurationIsVisible = 0;
			defaultConfigurationName = Release;
		};
/* End XCConfigurationList section */
	};
	rootObject = 81AECD70238620C700C45A02 /* Project object */;
}
